
Microsoft Visual Studio Solution File, Format Version 12.00
# Visual Studio Version 17
VisualStudioVersion = 17.9.34616.47
MinimumVisualStudioVersion = 10.0.40219.1
Project("{E24C65DC-7377-472B-9ABA-BC803B73C61A}") = "Project3", "Project3\", "{31E6F903-B915-4DBF-9909-8A7496DF8C5A}"
	ProjectSection(WebsiteProperties) = preProject
		TargetFrameworkMoniker = ".NETFramework,Version%3Dv2.0"
		Debug.AspNetCompiler.VirtualPath = "/Project3"
		Debug.AspNetCompiler.PhysicalPath = "Project3\"
		Debug.AspNetCompiler.TargetPath = "PrecompiledWeb\Project3\"
		Debug.AspNetCompiler.Updateable = "true"
		Debug.AspNetCompiler.ForceOverwrite = "true"
		Debug.AspNetCompiler.FixedNames = "false"
		Debug.AspNetCompiler.Debug = "True"
		Release.AspNetCompiler.VirtualPath = "/Project3"
		Release.AspNetCompiler.PhysicalPath = "Project3\"
		Release.AspNetCompiler.TargetPath = "PrecompiledWeb\Project3\"
		Release.AspNetCompiler.Updateable = "true"
		Release.AspNetCompiler.ForceOverwrite = "true"
		Release.AspNetCompiler.FixedNames = "false"
		Release.AspNetCompiler.Debug = "False"
		VWDPort = "1349"
		SlnRelativePath = "Project3\"
		DefaultWebSiteLanguage = "Visual Basic"
	EndProjectSection
EndProject
Global
	GlobalSection(SolutionConfigurationPlatforms) = preSolution
		Debug|.NET = Debug|.NET
	EndGlobalSection
	GlobalSection(ProjectConfigurationPlatforms) = postSolution
		{31E6F903-B915-4DBF-9909-8A7496DF8C5A}.Debug|.NET.ActiveCfg = Debug|.NET
		{31E6F903-B915-4DBF-9909-8A7496DF8C5A}.Debug|.NET.Build.0 = Debug|.NET
	EndGlobalSection
	GlobalSection(SolutionProperties) = preSolution
		HideSolutionNode = FALSE
	EndGlobalSection
	GlobalSection(ExtensibilityGlobals) = postSolution
		SolutionGuid = {2B30B05C-3A5D-4FCB-89BD-043C62A2438D}
	EndGlobalSection
EndGlobal
